{
  "name": "reto1-estramypyme",
  "lockfileVersion": 3,
  "requires": true,
  "packages": {
    "": {
      "dependencies": {
        "sweetalert2": "^11.12.0"
      }
    },
    "node_modules/sweetalert2": {
      "version": "11.12.0",
      "resolved": "https://registry.npmjs.org/sweetalert2/-/sweetalert2-11.12.0.tgz",
      "integrity": "sha512-Fe6sitTNReNdPF1q1w4uz1GAVv9acZff9Q7YILH5n6O/ti3MzwgfEA0aQ6tLjpy+O1NLXnZjUE//xrbluGXzJw==",
      "funding": {
        "type": "individual",
        "url": "https://github.com/sponsors/limonte"
      }
    }
  }
}
